
Microsoft Visual Studio Solution File, Format Version 12.00
# Visual Studio Version 16
VisualStudioVersion = 16.0.30717.126
MinimumVisualStudioVersion = 10.0.40219.1
Project("{9A19103F-16F7-4668-BE54-9A1E7A4F7556}") = "RTSSoln.MvcApp", "RTSSoln.MvcApp\RTSSoln.MvcApp.csproj", "{0911E810-F994-477D-82E5-D31B3FDE488B}"
EndProject
Project("{9A19103F-16F7-4668-BE54-9A1E7A4F7556}") = "RTSSoln.Infrastructure.IoC", "RTSSoln.Infrastructure.Persistence\RTSSoln.Infrastructure.IoC.csproj", "{1F0F7268-7EB2-4A50-90BA-66FE5F04122F}"
EndProject
Project("{9A19103F-16F7-4668-BE54-9A1E7A4F7556}") = "RTSSoln.Infrastructure.Persistence", "RTSSoln.Infrastructure.IoC\RTSSoln.Infrastructure.Persistence.csproj", "{079C2CE6-F733-469D-A06E-A54E59DCE9CC}"
EndProject
Project("{9A19103F-16F7-4668-BE54-9A1E7A4F7556}") = "RTSSoln.Domain", "RTSSoln.Domain\RTSSoln.Domain.csproj", "{7B9E128E-3085-4D06-BFDE-01475C254B04}"
EndProject
Project("{9A19103F-16F7-4668-BE54-9A1E7A4F7556}") = "RTSSoln.Application", "RTSSoln.Application\RTSSoln.Application.csproj", "{A4642915-5FFB-4058-A1E4-F476749CDF00}"
EndProject
Global
	GlobalSection(SolutionConfigurationPlatforms) = preSolution
		Debug|Any CPU = Debug|Any CPU
		Release|Any CPU = Release|Any CPU
	EndGlobalSection
	GlobalSection(ProjectConfigurationPlatforms) = postSolution
		{0911E810-F994-477D-82E5-D31B3FDE488B}.Debug|Any CPU.ActiveCfg = Debug|Any CPU
		{0911E810-F994-477D-82E5-D31B3FDE488B}.Debug|Any CPU.Build.0 = Debug|Any CPU
		{0911E810-F994-477D-82E5-D31B3FDE488B}.Release|Any CPU.ActiveCfg = Release|Any CPU
		{0911E810-F994-477D-82E5-D31B3FDE488B}.Release|Any CPU.Build.0 = Release|Any CPU
		{1F0F7268-7EB2-4A50-90BA-66FE5F04122F}.Debug|Any CPU.ActiveCfg = Debug|Any CPU
		{1F0F7268-7EB2-4A50-90BA-66FE5F04122F}.Debug|Any CPU.Build.0 = Debug|Any CPU
		{1F0F7268-7EB2-4A50-90BA-66FE5F04122F}.Release|Any CPU.ActiveCfg = Release|Any CPU
		{1F0F7268-7EB2-4A50-90BA-66FE5F04122F}.Release|Any CPU.Build.0 = Release|Any CPU
		{079C2CE6-F733-469D-A06E-A54E59DCE9CC}.Debug|Any CPU.ActiveCfg = Debug|Any CPU
		{079C2CE6-F733-469D-A06E-A54E59DCE9CC}.Debug|Any CPU.Build.0 = Debug|Any CPU
		{079C2CE6-F733-469D-A06E-A54E59DCE9CC}.Release|Any CPU.ActiveCfg = Release|Any CPU
		{079C2CE6-F733-469D-A06E-A54E59DCE9CC}.Release|Any CPU.Build.0 = Release|Any CPU
		{7B9E128E-3085-4D06-BFDE-01475C254B04}.Debug|Any CPU.ActiveCfg = Debug|Any CPU
		{7B9E128E-3085-4D06-BFDE-01475C254B04}.Debug|Any CPU.Build.0 = Debug|Any CPU
		{7B9E128E-3085-4D06-BFDE-01475C254B04}.Release|Any CPU.ActiveCfg = Release|Any CPU
		{7B9E128E-3085-4D06-BFDE-01475C254B04}.Release|Any CPU.Build.0 = Release|Any CPU
		{A4642915-5FFB-4058-A1E4-F476749CDF00}.Debug|Any CPU.ActiveCfg = Debug|Any CPU
		{A4642915-5FFB-4058-A1E4-F476749CDF00}.Debug|Any CPU.Build.0 = Debug|Any CPU
		{A4642915-5FFB-4058-A1E4-F476749CDF00}.Release|Any CPU.ActiveCfg = Release|Any CPU
		{A4642915-5FFB-4058-A1E4-F476749CDF00}.Release|Any CPU.Build.0 = Release|Any CPU
	EndGlobalSection
	GlobalSection(SolutionProperties) = preSolution
		HideSolutionNode = FALSE
	EndGlobalSection
	GlobalSection(ExtensibilityGlobals) = postSolution
		SolutionGuid = {219636AD-A0D9-48C7-979D-EF0B8AAFC958}
	EndGlobalSection
EndGlobal
